// !$*UTF8*$!
{
	archiveVersion = 1;
	classes = {
	};
	objectVersion = 55;
	objects = {

/* Begin PBXBuildFile section */
		062D78C528833C29005E7311 /* LoginView.swift in Sources */ = {isa = PBXBuildFile; fileRef = 062D78C428833C29005E7311 /* LoginView.swift */; };
		062D78C728833C32005E7311 /* SignUpView.swift in Sources */ = {isa = PBXBuildFile; fileRef = 062D78C628833C32005E7311 /* SignUpView.swift */; };
		062D78C928833C49005E7311 /* ResetPasswordView.swift in Sources */ = {isa = PBXBuildFile; fileRef = 062D78C828833C49005E7311 /* ResetPasswordView.swift */; };
		062D78CB28834560005E7311 /* CustomTextField.swift in Sources */ = {isa = PBXBuildFile; fileRef = 062D78CA28834560005E7311 /* CustomTextField.swift */; };
		062D78CD2883456A005E7311 /* CustomSecureField.swift in Sources */ = {isa = PBXBuildFile; fileRef = 062D78CC2883456A005E7311 /* CustomSecureField.swift */; };
		066EBF56289CA4ED004B507F /* SearchViewModel.swift in Sources */ = {isa = PBXBuildFile; fileRef = 066EBF55289CA4ED004B507F /* SearchViewModel.swift */; };
		0698C8BA28C65AE2000AD20A /* ProfileViewModel.swift in Sources */ = {isa = PBXBuildFile; fileRef = 0698C8B928C65AE2000AD20A /* ProfileViewModel.swift */; };
		0698C8BC28C65F46000AD20A /* UserServices.swift in Sources */ = {isa = PBXBuildFile; fileRef = 0698C8BB28C65F46000AD20A /* UserServices.swift */; };
		0698C8C028C6D536000AD20A /* UploadPostViewModel.swift in Sources */ = {isa = PBXBuildFile; fileRef = 0698C8BF28C6D536000AD20A /* UploadPostViewModel.swift */; };
		0698C8C228C6DBB9000AD20A /* TextArea.swift in Sources */ = {isa = PBXBuildFile; fileRef = 0698C8C128C6DBB9000AD20A /* TextArea.swift */; };
		0698C8C428C6E301000AD20A /* Post.swift in Sources */ = {isa = PBXBuildFile; fileRef = 0698C8C328C6E301000AD20A /* Post.swift */; };
		0698C8C628C6E425000AD20A /* FeedViewModel.swift in Sources */ = {isa = PBXBuildFile; fileRef = 0698C8C528C6E425000AD20A /* FeedViewModel.swift */; };
		069AF6212881A0B500C210A4 /* SearchBar.swift in Sources */ = {isa = PBXBuildFile; fileRef = 069AF6202881A0B500C210A4 /* SearchBar.swift */; };
		069AF6232881A3E100C210A4 /* PostGridView.swift in Sources */ = {isa = PBXBuildFile; fileRef = 069AF6222881A3E100C210A4 /* PostGridView.swift */; };
		069AF6252881A5B000C210A4 /* UserListView.swift in Sources */ = {isa = PBXBuildFile; fileRef = 069AF6242881A5B000C210A4 /* UserListView.swift */; };
		069AF6272881A5B700C210A4 /* UserCell.swift in Sources */ = {isa = PBXBuildFile; fileRef = 069AF6262881A5B700C210A4 /* UserCell.swift */; };
		069AF6292881AB8000C210A4 /* Extensions.swift in Sources */ = {isa = PBXBuildFile; fileRef = 069AF6282881AB8000C210A4 /* Extensions.swift */; };
		069AF62B2881AE8C00C210A4 /* NotificationCell.swift in Sources */ = {isa = PBXBuildFile; fileRef = 069AF62A2881AE8C00C210A4 /* NotificationCell.swift */; };
		069AF62D28826A4F00C210A4 /* ProfileHeaderView.swift in Sources */ = {isa = PBXBuildFile; fileRef = 069AF62C28826A4F00C210A4 /* ProfileHeaderView.swift */; };
		069AF62F288272C500C210A4 /* UserStatView.swift in Sources */ = {isa = PBXBuildFile; fileRef = 069AF62E288272C500C210A4 /* UserStatView.swift */; };
		069AF631288273F500C210A4 /* ProfileActionButtonView.swift in Sources */ = {isa = PBXBuildFile; fileRef = 069AF630288273F500C210A4 /* ProfileActionButtonView.swift */; };
		069AF63328827E1100C210A4 /* ImagePicker.swift in Sources */ = {isa = PBXBuildFile; fileRef = 069AF63228827E1100C210A4 /* ImagePicker.swift */; };
		069E055A28C8344B00C9123A /* Notification.swift in Sources */ = {isa = PBXBuildFile; fileRef = 069E055928C8344B00C9123A /* Notification.swift */; };
		069E055C28C8376A00C9123A /* NotificationsViewModel.swift in Sources */ = {isa = PBXBuildFile; fileRef = 069E055B28C8376A00C9123A /* NotificationsViewModel.swift */; };
		069E055E28C83DA100C9123A /* NotificationCellViewModel.swift in Sources */ = {isa = PBXBuildFile; fileRef = 069E055D28C83DA100C9123A /* NotificationCellViewModel.swift */; };
		069E056028C851FE00C9123A /* LazyView.swift in Sources */ = {isa = PBXBuildFile; fileRef = 069E055F28C851FE00C9123A /* LazyView.swift */; };
		06A484D428C6EC5C006F99B4 /* PostGridViewModel.swift in Sources */ = {isa = PBXBuildFile; fileRef = 06A484D328C6EC5C006F99B4 /* PostGridViewModel.swift */; };
		06A484D628C6F743006F99B4 /* FeedCellViewModel.swift in Sources */ = {isa = PBXBuildFile; fileRef = 06A484D528C6F743006F99B4 /* FeedCellViewModel.swift */; };
		06D6EF372881229C0095C49A /* Instagram_CloneApp.swift in Sources */ = {isa = PBXBuildFile; fileRef = 06D6EF362881229C0095C49A /* Instagram_CloneApp.swift */; };
		06D6EF3B2881229E0095C49A /* Assets.xcassets in Resources */ = {isa = PBXBuildFile; fileRef = 06D6EF3A2881229E0095C49A /* Assets.xcassets */; };
		06D6EF3E2881229E0095C49A /* Preview Assets.xcassets in Resources */ = {isa = PBXBuildFile; fileRef = 06D6EF3D2881229E0095C49A /* Preview Assets.xcassets */; };
		06D6EF4B288123D20095C49A /* ContentView.swift in Sources */ = {isa = PBXBuildFile; fileRef = 06D6EF4A288123D20095C49A /* ContentView.swift */; };
		06D6EF5A288124A70095C49A /* MainTabView.swift in Sources */ = {isa = PBXBuildFile; fileRef = 06D6EF59288124A70095C49A /* MainTabView.swift */; };
		06D6EF5C288124C00095C49A /* FeedView.swift in Sources */ = {isa = PBXBuildFile; fileRef = 06D6EF5B288124C00095C49A /* FeedView.swift */; };
		06D6EF5E288124D00095C49A /* SearchView.swift in Sources */ = {isa = PBXBuildFile; fileRef = 06D6EF5D288124D00095C49A /* SearchView.swift */; };
		06D6EF60288124DE0095C49A /* ProfileView.swift in Sources */ = {isa = PBXBuildFile; fileRef = 06D6EF5F288124DE0095C49A /* ProfileView.swift */; };
		06D6EF62288125020095C49A /* NotificationsView.swift in Sources */ = {isa = PBXBuildFile; fileRef = 06D6EF61288125020095C49A /* NotificationsView.swift */; };
		06D6EF642881251D0095C49A /* UploadPostView.swift in Sources */ = {isa = PBXBuildFile; fileRef = 06D6EF632881251D0095C49A /* UploadPostView.swift */; };
		06D6EF662881290E0095C49A /* FeedCell.swift in Sources */ = {isa = PBXBuildFile; fileRef = 06D6EF652881290E0095C49A /* FeedCell.swift */; };
		06D8FAD828C77AEF003CDEC4 /* CommentsView.swift in Sources */ = {isa = PBXBuildFile; fileRef = 06D8FAD728C77AEF003CDEC4 /* CommentsView.swift */; };
		06D8FADA28C77B0A003CDEC4 /* Comment.swift in Sources */ = {isa = PBXBuildFile; fileRef = 06D8FAD928C77B0A003CDEC4 /* Comment.swift */; };
		06D8FADC28C77B19003CDEC4 /* CommentsCell.swift in Sources */ = {isa = PBXBuildFile; fileRef = 06D8FADB28C77B19003CDEC4 /* CommentsCell.swift */; };
		06D8FADE28C77B25003CDEC4 /* CommentsViewModel.swift in Sources */ = {isa = PBXBuildFile; fileRef = 06D8FADD28C77B25003CDEC4 /* CommentsViewModel.swift */; };
		06D8FAE028C77F78003CDEC4 /* CustomInputView.swift in Sources */ = {isa = PBXBuildFile; fileRef = 06D8FADF28C77F78003CDEC4 /* CustomInputView.swift */; };
		06F5234828901E4800F605E7 /* Kingfisher in Frameworks */ = {isa = PBXBuildFile; productRef = 06F5234728901E4800F605E7 /* Kingfisher */; };
		06F5234A28901E8C00F605E7 /* GoogleService-Info.plist in Resources */ = {isa = PBXBuildFile; fileRef = 06F5234928901E8C00F605E7 /* GoogleService-Info.plist */; };
		06F5234C289025A100F605E7 /* AuthViewModel.swift in Sources */ = {isa = PBXBuildFile; fileRef = 06F5234B289025A100F605E7 /* AuthViewModel.swift */; };
		06F5234E289048A300F605E7 /* ImageUploader.swift in Sources */ = {isa = PBXBuildFile; fileRef = 06F5234D289048A300F605E7 /* ImageUploader.swift */; };
		06F5235028907A7800F605E7 /* Constants.swift in Sources */ = {isa = PBXBuildFile; fileRef = 06F5234F28907A7800F605E7 /* Constants.swift */; };
		06F5235228907F7F00F605E7 /* User.swift in Sources */ = {isa = PBXBuildFile; fileRef = 06F5235128907F7F00F605E7 /* User.swift */; };
		06F52355289080EC00F605E7 /* FirebaseAuth in Frameworks */ = {isa = PBXBuildFile; productRef = 06F52354289080EC00F605E7 /* FirebaseAuth */; };
		06F52357289080EC00F605E7 /* FirebaseFirestore in Frameworks */ = {isa = PBXBuildFile; productRef = 06F52356289080EC00F605E7 /* FirebaseFirestore */; };
		06F52359289080EC00F605E7 /* FirebaseFirestoreSwift in Frameworks */ = {isa = PBXBuildFile; productRef = 06F52358289080EC00F605E7 /* FirebaseFirestoreSwift */; };
		06F5235B289080EC00F605E7 /* FirebaseFunctions in Frameworks */ = {isa = PBXBuildFile; productRef = 06F5235A289080EC00F605E7 /* FirebaseFunctions */; };
		06F5235D289080EC00F605E7 /* FirebaseMessaging in Frameworks */ = {isa = PBXBuildFile; productRef = 06F5235C289080EC00F605E7 /* FirebaseMessaging */; };
		06F5235F289080EC00F605E7 /* FirebaseStorage in Frameworks */ = {isa = PBXBuildFile; productRef = 06F5235E289080EC00F605E7 /* FirebaseStorage */; };
/* End PBXBuildFile section */

/* Begin PBXFileReference section */
		062D78C428833C29005E7311 /* LoginView.swift */ = {isa = PBXFileReference; lastKnownFileType = sourcecode.swift; path = LoginView.swift; sourceTree = "<group>"; };
		062D78C628833C32005E7311 /* SignUpView.swift */ = {isa = PBXFileReference; lastKnownFileType = sourcecode.swift; path = SignUpView.swift; sourceTree = "<group>"; };
		062D78C828833C49005E7311 /* ResetPasswordView.swift */ = {isa = PBXFileReference; lastKnownFileType = sourcecode.swift; path = ResetPasswordView.swift; sourceTree = "<group>"; };
		062D78CA28834560005E7311 /* CustomTextField.swift */ = {isa = PBXFileReference; lastKnownFileType = sourcecode.swift; path = CustomTextField.swift; sourceTree = "<group>"; };
		062D78CC2883456A005E7311 /* CustomSecureField.swift */ = {isa = PBXFileReference; lastKnownFileType = sourcecode.swift; path = CustomSecureField.swift; sourceTree = "<group>"; };
		066EBF55289CA4ED004B507F /* SearchViewModel.swift */ = {isa = PBXFileReference; lastKnownFileType = sourcecode.swift; path = SearchViewModel.swift; sourceTree = "<group>"; };
		0698C8B928C65AE2000AD20A /* ProfileViewModel.swift */ = {isa = PBXFileReference; lastKnownFileType = sourcecode.swift; path = ProfileViewModel.swift; sourceTree = "<group>"; };
		0698C8BB28C65F46000AD20A /* UserServices.swift */ = {isa = PBXFileReference; lastKnownFileType = sourcecode.swift; path = UserServices.swift; sourceTree = "<group>"; };
		0698C8BF28C6D536000AD20A /* UploadPostViewModel.swift */ = {isa = PBXFileReference; lastKnownFileType = sourcecode.swift; path = UploadPostViewModel.swift; sourceTree = "<group>"; };
		0698C8C128C6DBB9000AD20A /* TextArea.swift */ = {isa = PBXFileReference; lastKnownFileType = sourcecode.swift; path = TextArea.swift; sourceTree = "<group>"; };
		0698C8C328C6E301000AD20A /* Post.swift */ = {isa = PBXFileReference; lastKnownFileType = sourcecode.swift; path = Post.swift; sourceTree = "<group>"; };
		0698C8C528C6E425000AD20A /* FeedViewModel.swift */ = {isa = PBXFileReference; lastKnownFileType = sourcecode.swift; path = FeedViewModel.swift; sourceTree = "<group>"; };
		069AF6202881A0B500C210A4 /* SearchBar.swift */ = {isa = PBXFileReference; lastKnownFileType = sourcecode.swift; path = SearchBar.swift; sourceTree = "<group>"; };
		069AF6222881A3E100C210A4 /* PostGridView.swift */ = {isa = PBXFileReference; lastKnownFileType = sourcecode.swift; path = PostGridView.swift; sourceTree = "<group>"; };
		069AF6242881A5B000C210A4 /* UserListView.swift */ = {isa = PBXFileReference; lastKnownFileType = sourcecode.swift; path = UserListView.swift; sourceTree = "<group>"; };
		069AF6262881A5B700C210A4 /* UserCell.swift */ = {isa = PBXFileReference; lastKnownFileType = sourcecode.swift; path = UserCell.swift; sourceTree = "<group>"; };
		069AF6282881AB8000C210A4 /* Extensions.swift */ = {isa = PBXFileReference; lastKnownFileType = sourcecode.swift; path = Extensions.swift; sourceTree = "<group>"; };
		069AF62A2881AE8C00C210A4 /* NotificationCell.swift */ = {isa = PBXFileReference; lastKnownFileType = sourcecode.swift; path = NotificationCell.swift; sourceTree = "<group>"; };
		069AF62C28826A4F00C210A4 /* ProfileHeaderView.swift */ = {isa = PBXFileReference; lastKnownFileType = sourcecode.swift; path = ProfileHeaderView.swift; sourceTree = "<group>"; };
		069AF62E288272C500C210A4 /* UserStatView.swift */ = {isa = PBXFileReference; lastKnownFileType = sourcecode.swift; path = UserStatView.swift; sourceTree = "<group>"; };
		069AF630288273F500C210A4 /* ProfileActionButtonView.swift */ = {isa = PBXFileReference; lastKnownFileType = sourcecode.swift; path = ProfileActionButtonView.swift; sourceTree = "<group>"; };
		069AF63228827E1100C210A4 /* ImagePicker.swift */ = {isa = PBXFileReference; lastKnownFileType = sourcecode.swift; path = ImagePicker.swift; sourceTree = "<group>"; };
		069E055928C8344B00C9123A /* Notification.swift */ = {isa = PBXFileReference; lastKnownFileType = sourcecode.swift; path = Notification.swift; sourceTree = "<group>"; };
		069E055B28C8376A00C9123A /* NotificationsViewModel.swift */ = {isa = PBXFileReference; lastKnownFileType = sourcecode.swift; path = NotificationsViewModel.swift; sourceTree = "<group>"; };
		069E055D28C83DA100C9123A /* NotificationCellViewModel.swift */ = {isa = PBXFileReference; lastKnownFileType = sourcecode.swift; path = NotificationCellViewModel.swift; sourceTree = "<group>"; };
		069E055F28C851FE00C9123A /* LazyView.swift */ = {isa = PBXFileReference; lastKnownFileType = sourcecode.swift; path = LazyView.swift; sourceTree = "<group>"; };
		06A484D328C6EC5C006F99B4 /* PostGridViewModel.swift */ = {isa = PBXFileReference; lastKnownFileType = sourcecode.swift; path = PostGridViewModel.swift; sourceTree = "<group>"; };
		06A484D528C6F743006F99B4 /* FeedCellViewModel.swift */ = {isa = PBXFileReference; lastKnownFileType = sourcecode.swift; path = FeedCellViewModel.swift; sourceTree = "<group>"; };
		06D6EF332881229C0095C49A /* Instagram-Clone.app */ = {isa = PBXFileReference; explicitFileType = wrapper.application; includeInIndex = 0; path = "Instagram-Clone.app"; sourceTree = BUILT_PRODUCTS_DIR; };
		06D6EF362881229C0095C49A /* Instagram_CloneApp.swift */ = {isa = PBXFileReference; lastKnownFileType = sourcecode.swift; path = Instagram_CloneApp.swift; sourceTree = "<group>"; };
		06D6EF3A2881229E0095C49A /* Assets.xcassets */ = {isa = PBXFileReference; lastKnownFileType = folder.assetcatalog; path = Assets.xcassets; sourceTree = "<group>"; };
		06D6EF3D2881229E0095C49A /* Preview Assets.xcassets */ = {isa = PBXFileReference; lastKnownFileType = folder.assetcatalog; path = "Preview Assets.xcassets"; sourceTree = "<group>"; };
		06D6EF4A288123D20095C49A /* ContentView.swift */ = {isa = PBXFileReference; lastKnownFileType = sourcecode.swift; path = ContentView.swift; sourceTree = "<group>"; };
		06D6EF59288124A70095C49A /* MainTabView.swift */ = {isa = PBXFileReference; lastKnownFileType = sourcecode.swift; path = MainTabView.swift; sourceTree = "<group>"; };
		06D6EF5B288124C00095C49A /* FeedView.swift */ = {isa = PBXFileReference; lastKnownFileType = sourcecode.swift; path = FeedView.swift; sourceTree = "<group>"; };
		06D6EF5D288124D00095C49A /* SearchView.swift */ = {isa = PBXFileReference; lastKnownFileType = sourcecode.swift; path = SearchView.swift; sourceTree = "<group>"; };
		06D6EF5F288124DE0095C49A /* ProfileView.swift */ = {isa = PBXFileReference; lastKnownFileType = sourcecode.swift; path = ProfileView.swift; sourceTree = "<group>"; };
		06D6EF61288125020095C49A /* NotificationsView.swift */ = {isa = PBXFileReference; lastKnownFileType = sourcecode.swift; path = NotificationsView.swift; sourceTree = "<group>"; };
		06D6EF632881251D0095C49A /* UploadPostView.swift */ = {isa = PBXFileReference; lastKnownFileType = sourcecode.swift; path = UploadPostView.swift; sourceTree = "<group>"; };
		06D6EF652881290E0095C49A /* FeedCell.swift */ = {isa = PBXFileReference; lastKnownFileType = sourcecode.swift; path = FeedCell.swift; sourceTree = "<group>"; };
		06D8FAD728C77AEF003CDEC4 /* CommentsView.swift */ = {isa = PBXFileReference; lastKnownFileType = sourcecode.swift; path = CommentsView.swift; sourceTree = "<group>"; };
		06D8FAD928C77B0A003CDEC4 /* Comment.swift */ = {isa = PBXFileReference; lastKnownFileType = sourcecode.swift; path = Comment.swift; sourceTree = "<group>"; };
		06D8FADB28C77B19003CDEC4 /* CommentsCell.swift */ = {isa = PBXFileReference; lastKnownFileType = sourcecode.swift; path = CommentsCell.swift; sourceTree = "<group>"; };
		06D8FADD28C77B25003CDEC4 /* CommentsViewModel.swift */ = {isa = PBXFileReference; lastKnownFileType = sourcecode.swift; path = CommentsViewModel.swift; sourceTree = "<group>"; };
		06D8FADF28C77F78003CDEC4 /* CustomInputView.swift */ = {isa = PBXFileReference; lastKnownFileType = sourcecode.swift; path = CustomInputView.swift; sourceTree = "<group>"; };
		06F5234928901E8C00F605E7 /* GoogleService-Info.plist */ = {isa = PBXFileReference; fileEncoding = 4; lastKnownFileType = text.plist.xml; path = "GoogleService-Info.plist"; sourceTree = "<group>"; };
		06F5234B289025A100F605E7 /* AuthViewModel.swift */ = {isa = PBXFileReference; lastKnownFileType = sourcecode.swift; path = AuthViewModel.swift; sourceTree = "<group>"; };
		06F5234D289048A300F605E7 /* ImageUploader.swift */ = {isa = PBXFileReference; lastKnownFileType = sourcecode.swift; path = ImageUploader.swift; sourceTree = "<group>"; };
		06F5234F28907A7800F605E7 /* Constants.swift */ = {isa = PBXFileReference; lastKnownFileType = sourcecode.swift; path = Constants.swift; sourceTree = "<group>"; };
		06F5235128907F7F00F605E7 /* User.swift */ = {isa = PBXFileReference; lastKnownFileType = sourcecode.swift; path = User.swift; sourceTree = "<group>"; };
/* End PBXFileReference section */

/* Begin PBXFrameworksBuildPhase section */
		06D6EF302881229C0095C49A /* Frameworks */ = {
			isa = PBXFrameworksBuildPhase;
			buildActionMask = 2147483647;
			files = (
				06F5235D289080EC00F605E7 /* FirebaseMessaging in Frameworks */,
				06F5234828901E4800F605E7 /* Kingfisher in Frameworks */,
				06F52355289080EC00F605E7 /* FirebaseAuth in Frameworks */,
				06F5235B289080EC00F605E7 /* FirebaseFunctions in Frameworks */,
				06F5235F289080EC00F605E7 /* FirebaseStorage in Frameworks */,
				06F52357289080EC00F605E7 /* FirebaseFirestore in Frameworks */,
				06F52359289080EC00F605E7 /* FirebaseFirestoreSwift in Frameworks */,
			);
			runOnlyForDeploymentPostprocessing = 0;
		};
/* End PBXFrameworksBuildPhase section */

/* Begin PBXGroup section */
		06D6EF2A2881229C0095C49A = {
			isa = PBXGroup;
			children = (
				06D6EF352881229C0095C49A /* Instagram-Clone */,
				06D6EF342881229C0095C49A /* Products */,
			);
			sourceTree = "<group>";
		};
		06D6EF342881229C0095C49A /* Products */ = {
			isa = PBXGroup;
			children = (
				06D6EF332881229C0095C49A /* Instagram-Clone.app */,
			);
			name = Products;
			sourceTree = "<group>";
		};
		06D6EF352881229C0095C49A /* Instagram-Clone */ = {
			isa = PBXGroup;
			children = (
				06D6EF442881235E0095C49A /* View */,
				06D6EF48288123900095C49A /* ViewModel */,
				06D6EF45288123620095C49A /* Model */,
				06D6EF472881236B0095C49A /* Services */,
				06D6EF46288123670095C49A /* Utils */,
				06D6EF362881229C0095C49A /* Instagram_CloneApp.swift */,
				06D6EF3A2881229E0095C49A /* Assets.xcassets */,
				06D6EF3C2881229E0095C49A /* Preview Content */,
				06F5234928901E8C00F605E7 /* GoogleService-Info.plist */,
			);
			path = "Instagram-Clone";
			sourceTree = "<group>";
		};
		06D6EF3C2881229E0095C49A /* Preview Content */ = {
			isa = PBXGroup;
			children = (
				06D6EF3D2881229E0095C49A /* Preview Assets.xcassets */,
			);
			path = "Preview Content";
			sourceTree = "<group>";
		};
		06D6EF442881235E0095C49A /* View */ = {
			isa = PBXGroup;
			children = (
				06D6EF53288124500095C49A /* Notifications */,
				06D6EF522881243D0095C49A /* Comments */,
				06D6EF51288124330095C49A /* Items */,
				06D6EF502881242E0095C49A /* Feed */,
				06D6EF4F288124290095C49A /* Search */,
				06D6EF4E288124240095C49A /* Authentication */,
				06D6EF4D288124210095C49A /* Profile */,
				06D6EF4C2881241A0095C49A /* UploadPost */,
				06D6EF49288123CA0095C49A /* Main */,
			);
			path = View;
			sourceTree = "<group>";
		};
		06D6EF45288123620095C49A /* Model */ = {
			isa = PBXGroup;
			children = (
				06F5235128907F7F00F605E7 /* User.swift */,
				069E055928C8344B00C9123A /* Notification.swift */,
				0698C8C328C6E301000AD20A /* Post.swift */,
				06D8FAD928C77B0A003CDEC4 /* Comment.swift */,
			);
			path = Model;
			sourceTree = "<group>";
		};
		06D6EF46288123670095C49A /* Utils */ = {
			isa = PBXGroup;
			children = (
				069AF6282881AB8000C210A4 /* Extensions.swift */,
				069AF63228827E1100C210A4 /* ImagePicker.swift */,
				062D78CA28834560005E7311 /* CustomTextField.swift */,
				062D78CC2883456A005E7311 /* CustomSecureField.swift */,
				06F5234F28907A7800F605E7 /* Constants.swift */,
				0698C8C128C6DBB9000AD20A /* TextArea.swift */,
				069E055F28C851FE00C9123A /* LazyView.swift */,
			);
			path = Utils;
			sourceTree = "<group>";
		};
		06D6EF472881236B0095C49A /* Services */ = {
			isa = PBXGroup;
			children = (
				06F5234D289048A300F605E7 /* ImageUploader.swift */,
				0698C8BB28C65F46000AD20A /* UserServices.swift */,
			);
			path = Services;
			sourceTree = "<group>";
		};
		06D6EF48288123900095C49A /* ViewModel */ = {
			isa = PBXGroup;
			children = (
				06D6EF572881246D0095C49A /* Profile */,
				06D6EF56288124620095C49A /* Authentication */,
				06D6EF552881245E0095C49A /* Notifications */,
				06D6EF542881245B0095C49A /* Feed */,
				066EBF55289CA4ED004B507F /* SearchViewModel.swift */,
				0698C8BF28C6D536000AD20A /* UploadPostViewModel.swift */,
				06A484D328C6EC5C006F99B4 /* PostGridViewModel.swift */,
				06D8FADD28C77B25003CDEC4 /* CommentsViewModel.swift */,
			);
			path = ViewModel;
			sourceTree = "<group>";
		};
		06D6EF49288123CA0095C49A /* Main */ = {
			isa = PBXGroup;
			children = (
				06D6EF4A288123D20095C49A /* ContentView.swift */,
				06D6EF59288124A70095C49A /* MainTabView.swift */,
			);
			path = Main;
			sourceTree = "<group>";
		};
		06D6EF4C2881241A0095C49A /* UploadPost */ = {
			isa = PBXGroup;
			children = (
				06D6EF632881251D0095C49A /* UploadPostView.swift */,
			);
			path = UploadPost;
			sourceTree = "<group>";
		};
		06D6EF4D288124210095C49A /* Profile */ = {
			isa = PBXGroup;
			children = (
				06D6EF5F288124DE0095C49A /* ProfileView.swift */,
				069AF630288273F500C210A4 /* ProfileActionButtonView.swift */,
				069AF62C28826A4F00C210A4 /* ProfileHeaderView.swift */,
				069AF62E288272C500C210A4 /* UserStatView.swift */,
			);
			path = Profile;
			sourceTree = "<group>";
		};
		06D6EF4E288124240095C49A /* Authentication */ = {
			isa = PBXGroup;
			children = (
				062D78C428833C29005E7311 /* LoginView.swift */,
				062D78C628833C32005E7311 /* SignUpView.swift */,
				062D78C828833C49005E7311 /* ResetPasswordView.swift */,
			);
			path = Authentication;
			sourceTree = "<group>";
		};
		06D6EF4F288124290095C49A /* Search */ = {
			isa = PBXGroup;
			children = (
				06D6EF5D288124D00095C49A /* SearchView.swift */,
				069AF6202881A0B500C210A4 /* SearchBar.swift */,
			);
			path = Search;
			sourceTree = "<group>";
		};
		06D6EF502881242E0095C49A /* Feed */ = {
			isa = PBXGroup;
			children = (
				06D6EF5B288124C00095C49A /* FeedView.swift */,
				06D6EF652881290E0095C49A /* FeedCell.swift */,
			);
			path = Feed;
			sourceTree = "<group>";
		};
		06D6EF51288124330095C49A /* Items */ = {
			isa = PBXGroup;
			children = (
				069AF6222881A3E100C210A4 /* PostGridView.swift */,
				069AF6242881A5B000C210A4 /* UserListView.swift */,
				069AF6262881A5B700C210A4 /* UserCell.swift */,
				06D8FADF28C77F78003CDEC4 /* CustomInputView.swift */,
			);
			path = Items;
			sourceTree = "<group>";
		};
		06D6EF522881243D0095C49A /* Comments */ = {
			isa = PBXGroup;
			children = (
				06D8FAD728C77AEF003CDEC4 /* CommentsView.swift */,
				06D8FADB28C77B19003CDEC4 /* CommentsCell.swift */,
			);
			path = Comments;
			sourceTree = "<group>";
		};
		06D6EF53288124500095C49A /* Notifications */ = {
			isa = PBXGroup;
			children = (
				06D6EF61288125020095C49A /* NotificationsView.swift */,
				069AF62A2881AE8C00C210A4 /* NotificationCell.swift */,
			);
			path = Notifications;
			sourceTree = "<group>";
		};
		06D6EF542881245B0095C49A /* Feed */ = {
			isa = PBXGroup;
			children = (
				0698C8C528C6E425000AD20A /* FeedViewModel.swift */,
				06A484D528C6F743006F99B4 /* FeedCellViewModel.swift */,
			);
			path = Feed;
			sourceTree = "<group>";
		};
		06D6EF552881245E0095C49A /* Notifications */ = {
			isa = PBXGroup;
			children = (
				069E055B28C8376A00C9123A /* NotificationsViewModel.swift */,
				069E055D28C83DA100C9123A /* NotificationCellViewModel.swift */,
			);
			path = Notifications;
			sourceTree = "<group>";
		};
		06D6EF56288124620095C49A /* Authentication */ = {
			isa = PBXGroup;
			children = (
				06F5234B289025A100F605E7 /* AuthViewModel.swift */,
			);
			path = Authentication;
			sourceTree = "<group>";
		};
		06D6EF572881246D0095C49A /* Profile */ = {
			isa = PBXGroup;
			children = (
				0698C8B928C65AE2000AD20A /* ProfileViewModel.swift */,
			);
			path = Profile;
			sourceTree = "<group>";
		};
/* End PBXGroup section */

/* Begin PBXNativeTarget section */
		06D6EF322881229C0095C49A /* Instagram-Clone */ = {
			isa = PBXNativeTarget;
			buildConfigurationList = 06D6EF412881229E0095C49A /* Build configuration list for PBXNativeTarget "Instagram-Clone" */;
			buildPhases = (
				06D6EF2F2881229C0095C49A /* Sources */,
				06D6EF302881229C0095C49A /* Frameworks */,
				06D6EF312881229C0095C49A /* Resources */,
			);
			buildRules = (
			);
			dependencies = (
			);
			name = "Instagram-Clone";
			packageProductDependencies = (
				06F5234728901E4800F605E7 /* Kingfisher */,
				06F52354289080EC00F605E7 /* FirebaseAuth */,
				06F52356289080EC00F605E7 /* FirebaseFirestore */,
				06F52358289080EC00F605E7 /* FirebaseFirestoreSwift */,
				06F5235A289080EC00F605E7 /* FirebaseFunctions */,
				06F5235C289080EC00F605E7 /* FirebaseMessaging */,
				06F5235E289080EC00F605E7 /* FirebaseStorage */,
			);
			productName = "Instagram-Clone";
			productReference = 06D6EF332881229C0095C49A /* Instagram-Clone.app */;
			productType = "com.apple.product-type.application";
		};
/* End PBXNativeTarget section */

/* Begin PBXProject section */
		06D6EF2B2881229C0095C49A /* Project object */ = {
			isa = PBXProject;
			attributes = {
				BuildIndependentTargetsInParallel = 1;
				LastSwiftUpdateCheck = 1340;
				LastUpgradeCheck = 1340;
				TargetAttributes = {
					06D6EF322881229C0095C49A = {
						CreatedOnToolsVersion = 13.4.1;
					};
				};
			};
			buildConfigurationList = 06D6EF2E2881229C0095C49A /* Build configuration list for PBXProject "Instagram-Clone" */;
			compatibilityVersion = "Xcode 13.0";
			developmentRegion = en;
			hasScannedForEncodings = 0;
			knownRegions = (
				en,
				Base,
			);
			mainGroup = 06D6EF2A2881229C0095C49A;
			packageReferences = (
				06F5234628901E4800F605E7 /* XCRemoteSwiftPackageReference "Kingfisher" */,
				06F52353289080EC00F605E7 /* XCRemoteSwiftPackageReference "firebase-ios-sdk" */,
			);
			productRefGroup = 06D6EF342881229C0095C49A /* Products */;
			projectDirPath = "";
			projectRoot = "";
			targets = (
				06D6EF322881229C0095C49A /* Instagram-Clone */,
			);
		};
/* End PBXProject section */

/* Begin PBXResourcesBuildPhase section */
		06D6EF312881229C0095C49A /* Resources */ = {
			isa = PBXResourcesBuildPhase;
			buildActionMask = 2147483647;
			files = (
				06D6EF3E2881229E0095C49A /* Preview Assets.xcassets in Resources */,
				06D6EF3B2881229E0095C49A /* Assets.xcassets in Resources */,
				06F5234A28901E8C00F605E7 /* GoogleService-Info.plist in Resources */,
			);
			runOnlyForDeploymentPostprocessing = 0;
		};
/* End PBXResourcesBuildPhase section */

/* Begin PBXSourcesBuildPhase section */
		06D6EF2F2881229C0095C49A /* Sources */ = {
			isa = PBXSourcesBuildPhase;
			buildActionMask = 2147483647;
			files = (
				0698C8C628C6E425000AD20A /* FeedViewModel.swift in Sources */,
				06D6EF5E288124D00095C49A /* SearchView.swift in Sources */,
				069E056028C851FE00C9123A /* LazyView.swift in Sources */,
				069AF6272881A5B700C210A4 /* UserCell.swift in Sources */,
				06D6EF5C288124C00095C49A /* FeedView.swift in Sources */,
				069AF6232881A3E100C210A4 /* PostGridView.swift in Sources */,
				069E055C28C8376A00C9123A /* NotificationsViewModel.swift in Sources */,
				06D8FADE28C77B25003CDEC4 /* CommentsViewModel.swift in Sources */,
				06D8FADA28C77B0A003CDEC4 /* Comment.swift in Sources */,
				062D78CB28834560005E7311 /* CustomTextField.swift in Sources */,
				06F5234E289048A300F605E7 /* ImageUploader.swift in Sources */,
				06D6EF372881229C0095C49A /* Instagram_CloneApp.swift in Sources */,
				06D6EF4B288123D20095C49A /* ContentView.swift in Sources */,
				06D6EF60288124DE0095C49A /* ProfileView.swift in Sources */,
				06D8FADC28C77B19003CDEC4 /* CommentsCell.swift in Sources */,
				06A484D428C6EC5C006F99B4 /* PostGridViewModel.swift in Sources */,
				062D78C928833C49005E7311 /* ResetPasswordView.swift in Sources */,
				069AF63328827E1100C210A4 /* ImagePicker.swift in Sources */,
				0698C8C028C6D536000AD20A /* UploadPostViewModel.swift in Sources */,
				0698C8BC28C65F46000AD20A /* UserServices.swift in Sources */,
				0698C8C228C6DBB9000AD20A /* TextArea.swift in Sources */,
				069AF62D28826A4F00C210A4 /* ProfileHeaderView.swift in Sources */,
				06D8FAE028C77F78003CDEC4 /* CustomInputView.swift in Sources */,
				06D6EF642881251D0095C49A /* UploadPostView.swift in Sources */,
				062D78C728833C32005E7311 /* SignUpView.swift in Sources */,
				069AF62F288272C500C210A4 /* UserStatView.swift in Sources */,
				06D8FAD828C77AEF003CDEC4 /* CommentsView.swift in Sources */,
				069AF6252881A5B000C210A4 /* UserListView.swift in Sources */,
				06D6EF5A288124A70095C49A /* MainTabView.swift in Sources */,
				062D78CD2883456A005E7311 /* CustomSecureField.swift in Sources */,
				06A484D628C6F743006F99B4 /* FeedCellViewModel.swift in Sources */,
				0698C8C428C6E301000AD20A /* Post.swift in Sources */,
				066EBF56289CA4ED004B507F /* SearchViewModel.swift in Sources */,
				069AF6212881A0B500C210A4 /* SearchBar.swift in Sources */,
				06D6EF62288125020095C49A /* NotificationsView.swift in Sources */,
				06F5235228907F7F00F605E7 /* User.swift in Sources */,
				069AF631288273F500C210A4 /* ProfileActionButtonView.swift in Sources */,
				06F5234C289025A100F605E7 /* AuthViewModel.swift in Sources */,
				0698C8BA28C65AE2000AD20A /* ProfileViewModel.swift in Sources */,
				06D6EF662881290E0095C49A /* FeedCell.swift in Sources */,
				069AF62B2881AE8C00C210A4 /* NotificationCell.swift in Sources */,
				069E055A28C8344B00C9123A /* Notification.swift in Sources */,
				069E055E28C83DA100C9123A /* NotificationCellViewModel.swift in Sources */,
				062D78C528833C29005E7311 /* LoginView.swift in Sources */,
				069AF6292881AB8000C210A4 /* Extensions.swift in Sources */,
				06F5235028907A7800F605E7 /* Constants.swift in Sources */,
			);
			runOnlyForDeploymentPostprocessing = 0;
		};
/* End PBXSourcesBuildPhase section */

/* Begin XCBuildConfiguration section */
		06D6EF3F2881229E0095C49A /* Debug */ = {
			isa = XCBuildConfiguration;
			buildSettings = {
				ALWAYS_SEARCH_USER_PATHS = NO;
				CLANG_ANALYZER_NONNULL = YES;
				CLANG_ANALYZER_NUMBER_OBJECT_CONVERSION = YES_AGGRESSIVE;
				CLANG_CXX_LANGUAGE_STANDARD = "gnu++17";
				CLANG_ENABLE_MODULES = YES;
				CLANG_ENABLE_OBJC_ARC = YES;
				CLANG_ENABLE_OBJC_WEAK = YES;
				CLANG_WARN_BLOCK_CAPTURE_AUTORELEASING = YES;
				CLANG_WARN_BOOL_CONVERSION = YES;
				CLANG_WARN_COMMA = YES;
				CLANG_WARN_CONSTANT_CONVERSION = YES;
				CLANG_WARN_DEPRECATED_OBJC_IMPLEMENTATIONS = YES;
				CLANG_WARN_DIRECT_OBJC_ISA_USAGE = YES_ERROR;
				CLANG_WARN_DOCUMENTATION_COMMENTS = YES;
				CLANG_WARN_EMPTY_BODY = YES;
				CLANG_WARN_ENUM_CONVERSION = YES;
				CLANG_WARN_INFINITE_RECURSION = YES;
				CLANG_WARN_INT_CONVERSION = YES;
				CLANG_WARN_NON_LITERAL_NULL_CONVERSION = YES;
				CLANG_WARN_OBJC_IMPLICIT_RETAIN_SELF = YES;
				CLANG_WARN_OBJC_LITERAL_CONVERSION = YES;
				CLANG_WARN_OBJC_ROOT_CLASS = YES_ERROR;
				CLANG_WARN_QUOTED_INCLUDE_IN_FRAMEWORK_HEADER = YES;
				CLANG_WARN_RANGE_LOOP_ANALYSIS = YES;
				CLANG_WARN_STRICT_PROTOTYPES = YES;
				CLANG_WARN_SUSPICIOUS_MOVE = YES;
				CLANG_WARN_UNGUARDED_AVAILABILITY = YES_AGGRESSIVE;
				CLANG_WARN_UNREACHABLE_CODE = YES;
				CLANG_WARN__DUPLICATE_METHOD_MATCH = YES;
				COPY_PHASE_STRIP = NO;
				DEBUG_INFORMATION_FORMAT = dwarf;
				ENABLE_STRICT_OBJC_MSGSEND = YES;
				ENABLE_TESTABILITY = YES;
				GCC_C_LANGUAGE_STANDARD = gnu11;
				GCC_DYNAMIC_NO_PIC = NO;
				GCC_NO_COMMON_BLOCKS = YES;
				GCC_OPTIMIZATION_LEVEL = 0;
				GCC_PREPROCESSOR_DEFINITIONS = (
					"DEBUG=1",
					"$(inherited)",
				);
				GCC_WARN_64_TO_32_BIT_CONVERSION = YES;
				GCC_WARN_ABOUT_RETURN_TYPE = YES_ERROR;
				GCC_WARN_UNDECLARED_SELECTOR = YES;
				GCC_WARN_UNINITIALIZED_AUTOS = YES_AGGRESSIVE;
				GCC_WARN_UNUSED_FUNCTION = YES;
				GCC_WARN_UNUSED_VARIABLE = YES;
				IPHONEOS_DEPLOYMENT_TARGET = 15.5;
				MTL_ENABLE_DEBUG_INFO = INCLUDE_SOURCE;
				MTL_FAST_MATH = YES;
				ONLY_ACTIVE_ARCH = YES;
				SDKROOT = iphoneos;
				SWIFT_ACTIVE_COMPILATION_CONDITIONS = DEBUG;
				SWIFT_OPTIMIZATION_LEVEL = "-Onone";
			};
			name = Debug;
		};
		06D6EF402881229E0095C49A /* Release */ = {
			isa = XCBuildConfiguration;
			buildSettings = {
				ALWAYS_SEARCH_USER_PATHS = NO;
				CLANG_ANALYZER_NONNULL = YES;
				CLANG_ANALYZER_NUMBER_OBJECT_CONVERSION = YES_AGGRESSIVE;
				CLANG_CXX_LANGUAGE_STANDARD = "gnu++17";
				CLANG_ENABLE_MODULES = YES;
				CLANG_ENABLE_OBJC_ARC = YES;
				CLANG_ENABLE_OBJC_WEAK = YES;
				CLANG_WARN_BLOCK_CAPTURE_AUTORELEASING = YES;
				CLANG_WARN_BOOL_CONVERSION = YES;
				CLANG_WARN_COMMA = YES;
				CLANG_WARN_CONSTANT_CONVERSION = YES;
				CLANG_WARN_DEPRECATED_OBJC_IMPLEMENTATIONS = YES;
				CLANG_WARN_DIRECT_OBJC_ISA_USAGE = YES_ERROR;
				CLANG_WARN_DOCUMENTATION_COMMENTS = YES;
				CLANG_WARN_EMPTY_BODY = YES;
				CLANG_WARN_ENUM_CONVERSION = YES;
				CLANG_WARN_INFINITE_RECURSION = YES;
				CLANG_WARN_INT_CONVERSION = YES;
				CLANG_WARN_NON_LITERAL_NULL_CONVERSION = YES;
				CLANG_WARN_OBJC_IMPLICIT_RETAIN_SELF = YES;
				CLANG_WARN_OBJC_LITERAL_CONVERSION = YES;
				CLANG_WARN_OBJC_ROOT_CLASS = YES_ERROR;
				CLANG_WARN_QUOTED_INCLUDE_IN_FRAMEWORK_HEADER = YES;
				CLANG_WARN_RANGE_LOOP_ANALYSIS = YES;
				CLANG_WARN_STRICT_PROTOTYPES = YES;
				CLANG_WARN_SUSPICIOUS_MOVE = YES;
				CLANG_WARN_UNGUARDED_AVAILABILITY = YES_AGGRESSIVE;
				CLANG_WARN_UNREACHABLE_CODE = YES;
				CLANG_WARN__DUPLICATE_METHOD_MATCH = YES;
				COPY_PHASE_STRIP = NO;
				DEBUG_INFORMATION_FORMAT = "dwarf-with-dsym";
				ENABLE_NS_ASSERTIONS = NO;
				ENABLE_STRICT_OBJC_MSGSEND = YES;
				GCC_C_LANGUAGE_STANDARD = gnu11;
				GCC_NO_COMMON_BLOCKS = YES;
				GCC_WARN_64_TO_32_BIT_CONVERSION = YES;
				GCC_WARN_ABOUT_RETURN_TYPE = YES_ERROR;
				GCC_WARN_UNDECLARED_SELECTOR = YES;
				GCC_WARN_UNINITIALIZED_AUTOS = YES_AGGRESSIVE;
				GCC_WARN_UNUSED_FUNCTION = YES;
				GCC_WARN_UNUSED_VARIABLE = YES;
				IPHONEOS_DEPLOYMENT_TARGET = 15.5;
				MTL_ENABLE_DEBUG_INFO = NO;
				MTL_FAST_MATH = YES;
				SDKROOT = iphoneos;
				SWIFT_COMPILATION_MODE = wholemodule;
				SWIFT_OPTIMIZATION_LEVEL = "-O";
				VALIDATE_PRODUCT = YES;
			};
			name = Release;
		};
		06D6EF422881229E0095C49A /* Debug */ = {
			isa = XCBuildConfiguration;
			buildSettings = {
				ASSETCATALOG_COMPILER_APPICON_NAME = AppIcon;
				ASSETCATALOG_COMPILER_GLOBAL_ACCENT_COLOR_NAME = AccentColor;
				CODE_SIGN_STYLE = Automatic;
				CURRENT_PROJECT_VERSION = 1;
				DEVELOPMENT_ASSET_PATHS = "\"Instagram-Clone/Preview Content\"";
				DEVELOPMENT_TEAM = TV2M6PV3A8;
				ENABLE_PREVIEWS = YES;
				GENERATE_INFOPLIST_FILE = YES;
				INFOPLIST_KEY_UIApplicationSceneManifest_Generation = YES;
				INFOPLIST_KEY_UIApplicationSupportsIndirectInputEvents = YES;
				INFOPLIST_KEY_UILaunchScreen_Generation = YES;
				INFOPLIST_KEY_UISupportedInterfaceOrientations_iPad = "UIInterfaceOrientationPortrait UIInterfaceOrientationPortraitUpsideDown UIInterfaceOrientationLandscapeLeft UIInterfaceOrientationLandscapeRight";
				INFOPLIST_KEY_UISupportedInterfaceOrientations_iPhone = "UIInterfaceOrientationPortrait UIInterfaceOrientationLandscapeLeft UIInterfaceOrientationLandscapeRight";
				LD_RUNPATH_SEARCH_PATHS = (
					"$(inherited)",
					"@executable_path/Frameworks",
				);
				MARKETING_VERSION = 1.0;
				PRODUCT_BUNDLE_IDENTIFIER = "com.matheusxavier.Instagram-Clone";
				PRODUCT_NAME = "$(TARGET_NAME)";
				SWIFT_EMIT_LOC_STRINGS = YES;
				SWIFT_VERSION = 5.0;
				TARGETED_DEVICE_FAMILY = 1;
			};
			name = Debug;
		};
		06D6EF432881229E0095C49A /* Release */ = {
			isa = XCBuildConfiguration;
			buildSettings = {
				ASSETCATALOG_COMPILER_APPICON_NAME = AppIcon;
				ASSETCATALOG_COMPILER_GLOBAL_ACCENT_COLOR_NAME = AccentColor;
				CODE_SIGN_STYLE = Automatic;
				CURRENT_PROJECT_VERSION = 1;
				DEVELOPMENT_ASSET_PATHS = "\"Instagram-Clone/Preview Content\"";
				DEVELOPMENT_TEAM = TV2M6PV3A8;
				ENABLE_PREVIEWS = YES;
				GENERATE_INFOPLIST_FILE = YES;
				INFOPLIST_KEY_UIApplicationSceneManifest_Generation = YES;
				INFOPLIST_KEY_UIApplicationSupportsIndirectInputEvents = YES;
				INFOPLIST_KEY_UILaunchScreen_Generation = YES;
				INFOPLIST_KEY_UISupportedInterfaceOrientations_iPad = "UIInterfaceOrientationPortrait UIInterfaceOrientationPortraitUpsideDown UIInterfaceOrientationLandscapeLeft UIInterfaceOrientationLandscapeRight";
				INFOPLIST_KEY_UISupportedInterfaceOrientations_iPhone = "UIInterfaceOrientationPortrait UIInterfaceOrientationLandscapeLeft UIInterfaceOrientationLandscapeRight";
				LD_RUNPATH_SEARCH_PATHS = (
					"$(inherited)",
					"@executable_path/Frameworks",
				);
				MARKETING_VERSION = 1.0;
				PRODUCT_BUNDLE_IDENTIFIER = "com.matheusxavier.Instagram-Clone";
				PRODUCT_NAME = "$(TARGET_NAME)";
				SWIFT_EMIT_LOC_STRINGS = YES;
				SWIFT_VERSION = 5.0;
				TARGETED_DEVICE_FAMILY = 1;
			};
			name = Release;
		};
/* End XCBuildConfiguration section */

/* Begin XCConfigurationList section */
		06D6EF2E2881229C0095C49A /* Build configuration list for PBXProject "Instagram-Clone" */ = {
			isa = XCConfigurationList;
			buildConfigurations = (
				06D6EF3F2881229E0095C49A /* Debug */,
				06D6EF402881229E0095C49A /* Release */,
			);
			defaultConfigurationIsVisible = 0;
			defaultConfigurationName = Release;
		};
		06D6EF412881229E0095C49A /* Build configuration list for PBXNativeTarget "Instagram-Clone" */ = {
			isa = XCConfigurationList;
			buildConfigurations = (
				06D6EF422881229E0095C49A /* Debug */,
				06D6EF432881229E0095C49A /* Release */,
			);
			defaultConfigurationIsVisible = 0;
			defaultConfigurationName = Release;
		};
/* End XCConfigurationList section */

/* Begin XCRemoteSwiftPackageReference section */
		06F5234628901E4800F605E7 /* XCRemoteSwiftPackageReference "Kingfisher" */ = {
			isa = XCRemoteSwiftPackageReference;
			repositoryURL = "https://github.com/onevcat/Kingfisher.git";
			requirement = {
				kind = upToNextMajorVersion;
				minimumVersion = 7.0.0;
			};
		};
		06F52353289080EC00F605E7 /* XCRemoteSwiftPackageReference "firebase-ios-sdk" */ = {
			isa = XCRemoteSwiftPackageReference;
			repositoryURL = "https://github.com/firebase/firebase-ios-sdk";
			requirement = {
				branch = master;
				kind = branch;
			};
		};
/* End XCRemoteSwiftPackageReference section */

/* Begin XCSwiftPackageProductDependency section */
		06F5234728901E4800F605E7 /* Kingfisher */ = {
			isa = XCSwiftPackageProductDependency;
			package = 06F5234628901E4800F605E7 /* XCRemoteSwiftPackageReference "Kingfisher" */;
			productName = Kingfisher;
		};
		06F52354289080EC00F605E7 /* FirebaseAuth */ = {
			isa = XCSwiftPackageProductDependency;
			package = 06F52353289080EC00F605E7 /* XCRemoteSwiftPackageReference "firebase-ios-sdk" */;
			productName = FirebaseAuth;
		};
		06F52356289080EC00F605E7 /* FirebaseFirestore */ = {
			isa = XCSwiftPackageProductDependency;
			package = 06F52353289080EC00F605E7 /* XCRemoteSwiftPackageReference "firebase-ios-sdk" */;
			productName = FirebaseFirestore;
		};
		06F52358289080EC00F605E7 /* FirebaseFirestoreSwift */ = {
			isa = XCSwiftPackageProductDependency;
			package = 06F52353289080EC00F605E7 /* XCRemoteSwiftPackageReference "firebase-ios-sdk" */;
			productName = FirebaseFirestoreSwift;
		};
		06F5235A289080EC00F605E7 /* FirebaseFunctions */ = {
			isa = XCSwiftPackageProductDependency;
			package = 06F52353289080EC00F605E7 /* XCRemoteSwiftPackageReference "firebase-ios-sdk" */;
			productName = FirebaseFunctions;
		};
		06F5235C289080EC00F605E7 /* FirebaseMessaging */ = {
			isa = XCSwiftPackageProductDependency;
			package = 06F52353289080EC00F605E7 /* XCRemoteSwiftPackageReference "firebase-ios-sdk" */;
			productName = FirebaseMessaging;
		};
		06F5235E289080EC00F605E7 /* FirebaseStorage */ = {
			isa = XCSwiftPackageProductDependency;
			package = 06F52353289080EC00F605E7 /* XCRemoteSwiftPackageReference "firebase-ios-sdk" */;
			productName = FirebaseStorage;
		};
/* End XCSwiftPackageProductDependency section */
	};
	rootObject = 06D6EF2B2881229C0095C49A /* Project object */;
}
